
Microsoft Visual Studio Solution File, Format Version 12.00
# Visual Studio 15
VisualStudioVersion = 15.0.28010.2036
MinimumVisualStudioVersion = 10.0.40219.1
Project("{FAE04EC0-301F-11D3-BF4B-00C04F79EFBC}") = "ActividadesDeApoyo.Android", "ActividadesDeApoyo\ActividadesDeApoyo.Android\ActividadesDeApoyo.Android.csproj", "{3DB3760B-3C95-4834-9406-E25693B47F75}"
EndProject
Project("{FAE04EC0-301F-11D3-BF4B-00C04F79EFBC}") = "ActividadesDeApoyo.iOS", "ActividadesDeApoyo\ActividadesDeApoyo.iOS\ActividadesDeApoyo.iOS.csproj", "{17F12E69-BC10-470D-A799-4C956A849521}"
EndProject
Project("{FAE04EC0-301F-11D3-BF4B-00C04F79EFBC}") = "ActividadesDeApoyo.UWP", "ActividadesDeApoyo\ActividadesDeApoyo.UWP\ActividadesDeApoyo.UWP.csproj", "{CD0E6A94-053C-4F3E-8160-1E9B3CC56BF0}"
EndProject
Project("{FAE04EC0-301F-11D3-BF4B-00C04F79EFBC}") = "ActividadesDeApoyo", "ActividadesDeApoyo\ActividadesDeApoyo\ActividadesDeApoyo.csproj", "{68B022B9-C8C0-4000-8CA5-8BE9D1CBD0DF}"
EndProject
Global
	GlobalSection(SolutionConfigurationPlatforms) = preSolution
		Ad-Hoc|Any CPU = Ad-Hoc|Any CPU
		Ad-Hoc|ARM = Ad-Hoc|ARM
		Ad-Hoc|iPhone = Ad-Hoc|iPhone
		Ad-Hoc|iPhoneSimulator = Ad-Hoc|iPhoneSimulator
		Ad-Hoc|x64 = Ad-Hoc|x64
		Ad-Hoc|x86 = Ad-Hoc|x86
		AppStore|Any CPU = AppStore|Any CPU
		AppStore|ARM = AppStore|ARM
		AppStore|iPhone = AppStore|iPhone
		AppStore|iPhoneSimulator = AppStore|iPhoneSimulator
		AppStore|x64 = AppStore|x64
		AppStore|x86 = AppStore|x86
		Debug|Any CPU = Debug|Any CPU
		Debug|ARM = Debug|ARM
		Debug|iPhone = Debug|iPhone
		Debug|iPhoneSimulator = Debug|iPhoneSimulator
		Debug|x64 = Debug|x64
		Debug|x86 = Debug|x86
		Release|Any CPU = Release|Any CPU
		Release|ARM = Release|ARM
		Release|iPhone = Release|iPhone
		Release|iPhoneSimulator = Release|iPhoneSimulator
		Release|x64 = Release|x64
		Release|x86 = Release|x86
	EndGlobalSection
	GlobalSection(ProjectConfigurationPlatforms) = postSolution
		{3DB3760B-3C95-4834-9406-E25693B47F75}.Ad-Hoc|Any CPU.ActiveCfg = Release|Any CPU
		{3DB3760B-3C95-4834-9406-E25693B47F75}.Ad-Hoc|Any CPU.Build.0 = Release|Any CPU
		{3DB3760B-3C95-4834-9406-E25693B47F75}.Ad-Hoc|Any CPU.Deploy.0 = Release|Any CPU
		{3DB3760B-3C95-4834-9406-E25693B47F75}.Ad-Hoc|ARM.ActiveCfg = Release|Any CPU
		{3DB3760B-3C95-4834-9406-E25693B47F75}.Ad-Hoc|ARM.Build.0 = Release|Any CPU
		{3DB3760B-3C95-4834-9406-E25693B47F75}.Ad-Hoc|ARM.Deploy.0 = Release|Any CPU
		{3DB3760B-3C95-4834-9406-E25693B47F75}.Ad-Hoc|iPhone.ActiveCfg = Release|Any CPU
		{3DB3760B-3C95-4834-9406-E25693B47F75}.Ad-Hoc|iPhone.Build.0 = Release|Any CPU
		{3DB3760B-3C95-4834-9406-E25693B47F75}.Ad-Hoc|iPhone.Deploy.0 = Release|Any CPU
		{3DB3760B-3C95-4834-9406-E25693B47F75}.Ad-Hoc|iPhoneSimulator.ActiveCfg = Release|Any CPU
		{3DB3760B-3C95-4834-9406-E25693B47F75}.Ad-Hoc|iPhoneSimulator.Build.0 = Release|Any CPU
		{3DB3760B-3C95-4834-9406-E25693B47F75}.Ad-Hoc|iPhoneSimulator.Deploy.0 = Release|Any CPU
		{3DB3760B-3C95-4834-9406-E25693B47F75}.Ad-Hoc|x64.ActiveCfg = Release|Any CPU
		{3DB3760B-3C95-4834-9406-E25693B47F75}.Ad-Hoc|x64.Build.0 = Release|Any CPU
		{3DB3760B-3C95-4834-9406-E25693B47F75}.Ad-Hoc|x64.Deploy.0 = Release|Any CPU
		{3DB3760B-3C95-4834-9406-E25693B47F75}.Ad-Hoc|x86.ActiveCfg = Release|Any CPU
		{3DB3760B-3C95-4834-9406-E25693B47F75}.Ad-Hoc|x86.Build.0 = Release|Any CPU
		{3DB3760B-3C95-4834-9406-E25693B47F75}.Ad-Hoc|x86.Deploy.0 = Release|Any CPU
		{3DB3760B-3C95-4834-9406-E25693B47F75}.AppStore|Any CPU.ActiveCfg = Release|Any CPU
		{3DB3760B-3C95-4834-9406-E25693B47F75}.AppStore|Any CPU.Build.0 = Release|Any CPU
		{3DB3760B-3C95-4834-9406-E25693B47F75}.AppStore|Any CPU.Deploy.0 = Release|Any CPU
		{3DB3760B-3C95-4834-9406-E25693B47F75}.AppStore|ARM.ActiveCfg = Release|Any CPU
		{3DB3760B-3C95-4834-9406-E25693B47F75}.AppStore|ARM.Build.0 = Release|Any CPU
		{3DB3760B-3C95-4834-9406-E25693B47F75}.AppStore|ARM.Deploy.0 = Release|Any CPU
		{3DB3760B-3C95-4834-9406-E25693B47F75}.AppStore|iPhone.ActiveCfg = Release|Any CPU
		{3DB3760B-3C95-4834-9406-E25693B47F75}.AppStore|iPhone.Build.0 = Release|Any CPU
		{3DB3760B-3C95-4834-9406-E25693B47F75}.AppStore|iPhone.Deploy.0 = Release|Any CPU
		{3DB3760B-3C95-4834-9406-E25693B47F75}.AppStore|iPhoneSimulator.ActiveCfg = Release|Any CPU
		{3DB3760B-3C95-4834-9406-E25693B47F75}.AppStore|iPhoneSimulator.Build.0 = Release|Any CPU
		{3DB3760B-3C95-4834-9406-E25693B47F75}.AppStore|iPhoneSimulator.Deploy.0 = Release|Any CPU
		{3DB3760B-3C95-4834-9406-E25693B47F75}.AppStore|x64.ActiveCfg = Release|Any CPU
		{3DB3760B-3C95-4834-9406-E25693B47F75}.AppStore|x64.Build.0 = Release|Any CPU
		{3DB3760B-3C95-4834-9406-E25693B47F75}.AppStore|x64.Deploy.0 = Release|Any CPU
		{3DB3760B-3C95-4834-9406-E25693B47F75}.AppStore|x86.ActiveCfg = Release|Any CPU
		{3DB3760B-3C95-4834-9406-E25693B47F75}.AppStore|x86.Build.0 = Release|Any CPU
		{3DB3760B-3C95-4834-9406-E25693B47F75}.AppStore|x86.Deploy.0 = Release|Any CPU
		{3DB3760B-3C95-4834-9406-E25693B47F75}.Debug|Any CPU.ActiveCfg = Debug|Any CPU
		{3DB3760B-3C95-4834-9406-E25693B47F75}.Debug|Any CPU.Build.0 = Debug|Any CPU
		{3DB3760B-3C95-4834-9406-E25693B47F75}.Debug|Any CPU.Deploy.0 = Debug|Any CPU
		{3DB3760B-3C95-4834-9406-E25693B47F75}.Debug|ARM.ActiveCfg = Debug|Any CPU
		{3DB3760B-3C95-4834-9406-E25693B47F75}.Debug|ARM.Build.0 = Debug|Any CPU
		{3DB3760B-3C95-4834-9406-E25693B47F75}.Debug|ARM.Deploy.0 = Debug|Any CPU
		{3DB3760B-3C95-4834-9406-E25693B47F75}.Debug|iPhone.ActiveCfg = Debug|Any CPU
		{3DB3760B-3C95-4834-9406-E25693B47F75}.Debug|iPhone.Build.0 = Debug|Any CPU
		{3DB3760B-3C95-4834-9406-E25693B47F75}.Debug|iPhone.Deploy.0 = Debug|Any CPU
		{3DB3760B-3C95-4834-9406-E25693B47F75}.Debug|iPhoneSimulator.ActiveCfg = Debug|Any CPU
		{3DB3760B-3C95-4834-9406-E25693B47F75}.Debug|iPhoneSimulator.Build.0 = Debug|Any CPU
		{3DB3760B-3C95-4834-9406-E25693B47F75}.Debug|iPhoneSimulator.Deploy.0 = Debug|Any CPU
		{3DB3760B-3C95-4834-9406-E25693B47F75}.Debug|x64.ActiveCfg = Debug|Any CPU
		{3DB3760B-3C95-4834-9406-E25693B47F75}.Debug|x64.Build.0 = Debug|Any CPU
		{3DB3760B-3C95-4834-9406-E25693B47F75}.Debug|x64.Deploy.0 = Debug|Any CPU
		{3DB3760B-3C95-4834-9406-E25693B47F75}.Debug|x86.ActiveCfg = Debug|Any CPU
		{3DB3760B-3C95-4834-9406-E25693B47F75}.Debug|x86.Build.0 = Debug|Any CPU
		{3DB3760B-3C95-4834-9406-E25693B47F75}.Debug|x86.Deploy.0 = Debug|Any CPU
		{3DB3760B-3C95-4834-9406-E25693B47F75}.Release|Any CPU.ActiveCfg = Release|Any CPU
		{3DB3760B-3C95-4834-9406-E25693B47F75}.Release|Any CPU.Build.0 = Release|Any CPU
		{3DB3760B-3C95-4834-9406-E25693B47F75}.Release|Any CPU.Deploy.0 = Release|Any CPU
		{3DB3760B-3C95-4834-9406-E25693B47F75}.Release|ARM.ActiveCfg = Release|Any CPU
		{3DB3760B-3C95-4834-9406-E25693B47F75}.Release|ARM.Build.0 = Release|Any CPU
		{3DB3760B-3C95-4834-9406-E25693B47F75}.Release|ARM.Deploy.0 = Release|Any CPU
		{3DB3760B-3C95-4834-9406-E25693B47F75}.Release|iPhone.ActiveCfg = Release|Any CPU
		{3DB3760B-3C95-4834-9406-E25693B47F75}.Release|iPhone.Build.0 = Release|Any CPU
		{3DB3760B-3C95-4834-9406-E25693B47F75}.Release|iPhone.Deploy.0 = Release|Any CPU
		{3DB3760B-3C95-4834-9406-E25693B47F75}.Release|iPhoneSimulator.ActiveCfg = Release|Any CPU
		{3DB3760B-3C95-4834-9406-E25693B47F75}.Release|iPhoneSimulator.Build.0 = Release|Any CPU
		{3DB3760B-3C95-4834-9406-E25693B47F75}.Release|iPhoneSimulator.Deploy.0 = Release|Any CPU
		{3DB3760B-3C95-4834-9406-E25693B47F75}.Release|x64.ActiveCfg = Release|Any CPU
		{3DB3760B-3C95-4834-9406-E25693B47F75}.Release|x64.Build.0 = Release|Any CPU
		{3DB3760B-3C95-4834-9406-E25693B47F75}.Release|x64.Deploy.0 = Release|Any CPU
		{3DB3760B-3C95-4834-9406-E25693B47F75}.Release|x86.ActiveCfg = Release|Any CPU
		{3DB3760B-3C95-4834-9406-E25693B47F75}.Release|x86.Build.0 = Release|Any CPU
		{3DB3760B-3C95-4834-9406-E25693B47F75}.Release|x86.Deploy.0 = Release|Any CPU
		{17F12E69-BC10-470D-A799-4C956A849521}.Ad-Hoc|Any CPU.ActiveCfg = Ad-Hoc|iPhone
		{17F12E69-BC10-470D-A799-4C956A849521}.Ad-Hoc|Any CPU.Build.0 = Ad-Hoc|iPhone
		{17F12E69-BC10-470D-A799-4C956A849521}.Ad-Hoc|Any CPU.Deploy.0 = Ad-Hoc|iPhone
		{17F12E69-BC10-470D-A799-4C956A849521}.Ad-Hoc|ARM.ActiveCfg = Ad-Hoc|iPhone
		{17F12E69-BC10-470D-A799-4C956A849521}.Ad-Hoc|ARM.Build.0 = Ad-Hoc|iPhone
		{17F12E69-BC10-470D-A799-4C956A849521}.Ad-Hoc|ARM.Deploy.0 = Ad-Hoc|iPhone
		{17F12E69-BC10-470D-A799-4C956A849521}.Ad-Hoc|iPhone.ActiveCfg = Ad-Hoc|iPhone
		{17F12E69-BC10-470D-A799-4C956A849521}.Ad-Hoc|iPhone.Build.0 = Ad-Hoc|iPhone
		{17F12E69-BC10-470D-A799-4C956A849521}.Ad-Hoc|iPhone.Deploy.0 = Ad-Hoc|iPhone
		{17F12E69-BC10-470D-A799-4C956A849521}.Ad-Hoc|iPhoneSimulator.ActiveCfg = Ad-Hoc|iPhoneSimulator
		{17F12E69-BC10-470D-A799-4C956A849521}.Ad-Hoc|iPhoneSimulator.Build.0 = Ad-Hoc|iPhoneSimulator
		{17F12E69-BC10-470D-A799-4C956A849521}.Ad-Hoc|iPhoneSimulator.Deploy.0 = Ad-Hoc|iPhoneSimulator
		{17F12E69-BC10-470D-A799-4C956A849521}.Ad-Hoc|x64.ActiveCfg = Ad-Hoc|iPhone
		{17F12E69-BC10-470D-A799-4C956A849521}.Ad-Hoc|x64.Build.0 = Ad-Hoc|iPhone
		{17F12E69-BC10-470D-A799-4C956A849521}.Ad-Hoc|x64.Deploy.0 = Ad-Hoc|iPhone
		{17F12E69-BC10-470D-A799-4C956A849521}.Ad-Hoc|x86.ActiveCfg = Ad-Hoc|iPhone
		{17F12E69-BC10-470D-A799-4C956A849521}.Ad-Hoc|x86.Build.0 = Ad-Hoc|iPhone
		{17F12E69-BC10-470D-A799-4C956A849521}.Ad-Hoc|x86.Deploy.0 = Ad-Hoc|iPhone
		{17F12E69-BC10-470D-A799-4C956A849521}.AppStore|Any CPU.ActiveCfg = AppStore|iPhone
		{17F12E69-BC10-470D-A799-4C956A849521}.AppStore|Any CPU.Build.0 = AppStore|iPhone
		{17F12E69-BC10-470D-A799-4C956A849521}.AppStore|Any CPU.Deploy.0 = AppStore|iPhone
		{17F12E69-BC10-470D-A799-4C956A849521}.AppStore|ARM.ActiveCfg = AppStore|iPhone
		{17F12E69-BC10-470D-A799-4C956A849521}.AppStore|ARM.Build.0 = AppStore|iPhone
		{17F12E69-BC10-470D-A799-4C956A849521}.AppStore|ARM.Deploy.0 = AppStore|iPhone
		{17F12E69-BC10-470D-A799-4C956A849521}.AppStore|iPhone.ActiveCfg = AppStore|iPhone
		{17F12E69-BC10-470D-A799-4C956A849521}.AppStore|iPhone.Build.0 = AppStore|iPhone
		{17F12E69-BC10-470D-A799-4C956A849521}.AppStore|iPhone.Deploy.0 = AppStore|iPhone
		{17F12E69-BC10-470D-A799-4C956A849521}.AppStore|iPhoneSimulator.ActiveCfg = AppStore|iPhoneSimulator
		{17F12E69-BC10-470D-A799-4C956A849521}.AppStore|iPhoneSimulator.Build.0 = AppStore|iPhoneSimulator
		{17F12E69-BC10-470D-A799-4C956A849521}.AppStore|iPhoneSimulator.Deploy.0 = AppStore|iPhoneSimulator
		{17F12E69-BC10-470D-A799-4C956A849521}.AppStore|x64.ActiveCfg = AppStore|iPhone
		{17F12E69-BC10-470D-A799-4C956A849521}.AppStore|x64.Build.0 = AppStore|iPhone
		{17F12E69-BC10-470D-A799-4C956A849521}.AppStore|x64.Deploy.0 = AppStore|iPhone
		{17F12E69-BC10-470D-A799-4C956A849521}.AppStore|x86.ActiveCfg = AppStore|iPhone
		{17F12E69-BC10-470D-A799-4C956A849521}.AppStore|x86.Build.0 = AppStore|iPhone
		{17F12E69-BC10-470D-A799-4C956A849521}.AppStore|x86.Deploy.0 = AppStore|iPhone
		{17F12E69-BC10-470D-A799-4C956A849521}.Debug|Any CPU.ActiveCfg = Debug|iPhoneSimulator
		{17F12E69-BC10-470D-A799-4C956A849521}.Debug|Any CPU.Build.0 = Debug|iPhoneSimulator
		{17F12E69-BC10-470D-A799-4C956A849521}.Debug|Any CPU.Deploy.0 = Debug|iPhoneSimulator
		{17F12E69-BC10-470D-A799-4C956A849521}.Debug|ARM.ActiveCfg = Debug|iPhone
		{17F12E69-BC10-470D-A799-4C956A849521}.Debug|ARM.Build.0 = Debug|iPhone
		{17F12E69-BC10-470D-A799-4C956A849521}.Debug|ARM.Deploy.0 = Debug|iPhone
		{17F12E69-BC10-470D-A799-4C956A849521}.Debug|iPhone.ActiveCfg = Debug|iPhone
		{17F12E69-BC10-470D-A799-4C956A849521}.Debug|iPhone.Build.0 = Debug|iPhone
		{17F12E69-BC10-470D-A799-4C956A849521}.Debug|iPhone.Deploy.0 = Debug|iPhone
		{17F12E69-BC10-470D-A799-4C956A849521}.Debug|iPhoneSimulator.ActiveCfg = Debug|iPhoneSimulator
		{17F12E69-BC10-470D-A799-4C956A849521}.Debug|iPhoneSimulator.Build.0 = Debug|iPhoneSimulator
		{17F12E69-BC10-470D-A799-4C956A849521}.Debug|iPhoneSimulator.Deploy.0 = Debug|iPhoneSimulator
		{17F12E69-BC10-470D-A799-4C956A849521}.Debug|x64.ActiveCfg = Debug|iPhone
		{17F12E69-BC10-470D-A799-4C956A849521}.Debug|x64.Build.0 = Debug|iPhone
		{17F12E69-BC10-470D-A799-4C956A849521}.Debug|x64.Deploy.0 = Debug|iPhone
		{17F12E69-BC10-470D-A799-4C956A849521}.Debug|x86.ActiveCfg = Debug|iPhone
		{17F12E69-BC10-470D-A799-4C956A849521}.Debug|x86.Build.0 = Debug|iPhone
		{17F12E69-BC10-470D-A799-4C956A849521}.Debug|x86.Deploy.0 = Debug|iPhone
		{17F12E69-BC10-470D-A799-4C956A849521}.Release|Any CPU.ActiveCfg = Release|iPhone
		{17F12E69-BC10-470D-A799-4C956A849521}.Release|Any CPU.Build.0 = Release|iPhone
		{17F12E69-BC10-470D-A799-4C956A849521}.Release|Any CPU.Deploy.0 = Release|iPhone
		{17F12E69-BC10-470D-A799-4C956A849521}.Release|ARM.ActiveCfg = Release|iPhone
		{17F12E69-BC10-470D-A799-4C956A849521}.Release|ARM.Build.0 = Release|iPhone
		{17F12E69-BC10-470D-A799-4C956A849521}.Release|ARM.Deploy.0 = Release|iPhone
		{17F12E69-BC10-470D-A799-4C956A849521}.Release|iPhone.ActiveCfg = Release|iPhone
		{17F12E69-BC10-470D-A799-4C956A849521}.Release|iPhone.Build.0 = Release|iPhone
		{17F12E69-BC10-470D-A799-4C956A849521}.Release|iPhone.Deploy.0 = Release|iPhone
		{17F12E69-BC10-470D-A799-4C956A849521}.Release|iPhoneSimulator.ActiveCfg = Release|iPhoneSimulator
		{17F12E69-BC10-470D-A799-4C956A849521}.Release|iPhoneSimulator.Build.0 = Release|iPhoneSimulator
		{17F12E69-BC10-470D-A799-4C956A849521}.Release|iPhoneSimulator.Deploy.0 = Release|iPhoneSimulator
		{17F12E69-BC10-470D-A799-4C956A849521}.Release|x64.ActiveCfg = Release|iPhone
		{17F12E69-BC10-470D-A799-4C956A849521}.Release|x64.Build.0 = Release|iPhone
		{17F12E69-BC10-470D-A799-4C956A849521}.Release|x64.Deploy.0 = Release|iPhone
		{17F12E69-BC10-470D-A799-4C956A849521}.Release|x86.ActiveCfg = Release|iPhone
		{17F12E69-BC10-470D-A799-4C956A849521}.Release|x86.Build.0 = Release|iPhone
		{17F12E69-BC10-470D-A799-4C956A849521}.Release|x86.Deploy.0 = Release|iPhone
		{CD0E6A94-053C-4F3E-8160-1E9B3CC56BF0}.Ad-Hoc|Any CPU.ActiveCfg = Release|x86
		{CD0E6A94-053C-4F3E-8160-1E9B3CC56BF0}.Ad-Hoc|Any CPU.Build.0 = Release|x86
		{CD0E6A94-053C-4F3E-8160-1E9B3CC56BF0}.Ad-Hoc|Any CPU.Deploy.0 = Release|x86
		{CD0E6A94-053C-4F3E-8160-1E9B3CC56BF0}.Ad-Hoc|ARM.ActiveCfg = Release|ARM
		{CD0E6A94-053C-4F3E-8160-1E9B3CC56BF0}.Ad-Hoc|ARM.Build.0 = Release|ARM
		{CD0E6A94-053C-4F3E-8160-1E9B3CC56BF0}.Ad-Hoc|ARM.Deploy.0 = Release|ARM
		{CD0E6A94-053C-4F3E-8160-1E9B3CC56BF0}.Ad-Hoc|iPhone.ActiveCfg = Release|x86
		{CD0E6A94-053C-4F3E-8160-1E9B3CC56BF0}.Ad-Hoc|iPhone.Build.0 = Release|x86
		{CD0E6A94-053C-4F3E-8160-1E9B3CC56BF0}.Ad-Hoc|iPhone.Deploy.0 = Release|x86
		{CD0E6A94-053C-4F3E-8160-1E9B3CC56BF0}.Ad-Hoc|iPhoneSimulator.ActiveCfg = Release|x86
		{CD0E6A94-053C-4F3E-8160-1E9B3CC56BF0}.Ad-Hoc|iPhoneSimulator.Build.0 = Release|x86
		{CD0E6A94-053C-4F3E-8160-1E9B3CC56BF0}.Ad-Hoc|iPhoneSimulator.Deploy.0 = Release|x86
		{CD0E6A94-053C-4F3E-8160-1E9B3CC56BF0}.Ad-Hoc|x64.ActiveCfg = Release|x64
		{CD0E6A94-053C-4F3E-8160-1E9B3CC56BF0}.Ad-Hoc|x64.Build.0 = Release|x64
		{CD0E6A94-053C-4F3E-8160-1E9B3CC56BF0}.Ad-Hoc|x64.Deploy.0 = Release|x64
		{CD0E6A94-053C-4F3E-8160-1E9B3CC56BF0}.Ad-Hoc|x86.ActiveCfg = Release|x86
		{CD0E6A94-053C-4F3E-8160-1E9B3CC56BF0}.Ad-Hoc|x86.Build.0 = Release|x86
		{CD0E6A94-053C-4F3E-8160-1E9B3CC56BF0}.Ad-Hoc|x86.Deploy.0 = Release|x86
		{CD0E6A94-053C-4F3E-8160-1E9B3CC56BF0}.AppStore|Any CPU.ActiveCfg = Release|x86
		{CD0E6A94-053C-4F3E-8160-1E9B3CC56BF0}.AppStore|Any CPU.Build.0 = Release|x86
		{CD0E6A94-053C-4F3E-8160-1E9B3CC56BF0}.AppStore|Any CPU.Deploy.0 = Release|x86
		{CD0E6A94-053C-4F3E-8160-1E9B3CC56BF0}.AppStore|ARM.ActiveCfg = Release|ARM
		{CD0E6A94-053C-4F3E-8160-1E9B3CC56BF0}.AppStore|ARM.Build.0 = Release|ARM
		{CD0E6A94-053C-4F3E-8160-1E9B3CC56BF0}.AppStore|ARM.Deploy.0 = Release|ARM
		{CD0E6A94-053C-4F3E-8160-1E9B3CC56BF0}.AppStore|iPhone.ActiveCfg = Release|x86
		{CD0E6A94-053C-4F3E-8160-1E9B3CC56BF0}.AppStore|iPhone.Build.0 = Release|x86
		{CD0E6A94-053C-4F3E-8160-1E9B3CC56BF0}.AppStore|iPhone.Deploy.0 = Release|x86
		{CD0E6A94-053C-4F3E-8160-1E9B3CC56BF0}.AppStore|iPhoneSimulator.ActiveCfg = Release|x86
		{CD0E6A94-053C-4F3E-8160-1E9B3CC56BF0}.AppStore|iPhoneSimulator.Build.0 = Release|x86
		{CD0E6A94-053C-4F3E-8160-1E9B3CC56BF0}.AppStore|iPhoneSimulator.Deploy.0 = Release|x86
		{CD0E6A94-053C-4F3E-8160-1E9B3CC56BF0}.AppStore|x64.ActiveCfg = Release|x64
		{CD0E6A94-053C-4F3E-8160-1E9B3CC56BF0}.AppStore|x64.Build.0 = Release|x64
		{CD0E6A94-053C-4F3E-8160-1E9B3CC56BF0}.AppStore|x64.Deploy.0 = Release|x64
		{CD0E6A94-053C-4F3E-8160-1E9B3CC56BF0}.AppStore|x86.ActiveCfg = Release|x86
		{CD0E6A94-053C-4F3E-8160-1E9B3CC56BF0}.AppStore|x86.Build.0 = Release|x86
		{CD0E6A94-053C-4F3E-8160-1E9B3CC56BF0}.AppStore|x86.Deploy.0 = Release|x86
		{CD0E6A94-053C-4F3E-8160-1E9B3CC56BF0}.Debug|Any CPU.ActiveCfg = Debug|x86
		{CD0E6A94-053C-4F3E-8160-1E9B3CC56BF0}.Debug|Any CPU.Build.0 = Debug|x86
		{CD0E6A94-053C-4F3E-8160-1E9B3CC56BF0}.Debug|Any CPU.Deploy.0 = Debug|x86
		{CD0E6A94-053C-4F3E-8160-1E9B3CC56BF0}.Debug|ARM.ActiveCfg = Debug|ARM
		{CD0E6A94-053C-4F3E-8160-1E9B3CC56BF0}.Debug|ARM.Build.0 = Debug|ARM
		{CD0E6A94-053C-4F3E-8160-1E9B3CC56BF0}.Debug|ARM.Deploy.0 = Debug|ARM
		{CD0E6A94-053C-4F3E-8160-1E9B3CC56BF0}.Debug|iPhone.ActiveCfg = Debug|x86
		{CD0E6A94-053C-4F3E-8160-1E9B3CC56BF0}.Debug|iPhone.Build.0 = Debug|x86
		{CD0E6A94-053C-4F3E-8160-1E9B3CC56BF0}.Debug|iPhone.Deploy.0 = Debug|x86
		{CD0E6A94-053C-4F3E-8160-1E9B3CC56BF0}.Debug|iPhoneSimulator.ActiveCfg = Debug|x86
		{CD0E6A94-053C-4F3E-8160-1E9B3CC56BF0}.Debug|iPhoneSimulator.Build.0 = Debug|x86
		{CD0E6A94-053C-4F3E-8160-1E9B3CC56BF0}.Debug|iPhoneSimulator.Deploy.0 = Debug|x86
		{CD0E6A94-053C-4F3E-8160-1E9B3CC56BF0}.Debug|x64.ActiveCfg = Debug|x64
		{CD0E6A94-053C-4F3E-8160-1E9B3CC56BF0}.Debug|x64.Build.0 = Debug|x64
		{CD0E6A94-053C-4F3E-8160-1E9B3CC56BF0}.Debug|x64.Deploy.0 = Debug|x64
		{CD0E6A94-053C-4F3E-8160-1E9B3CC56BF0}.Debug|x86.ActiveCfg = Debug|x86
		{CD0E6A94-053C-4F3E-8160-1E9B3CC56BF0}.Debug|x86.Build.0 = Debug|x86
		{CD0E6A94-053C-4F3E-8160-1E9B3CC56BF0}.Debug|x86.Deploy.0 = Debug|x86
		{CD0E6A94-053C-4F3E-8160-1E9B3CC56BF0}.Release|Any CPU.ActiveCfg = Release|x86
		{CD0E6A94-053C-4F3E-8160-1E9B3CC56BF0}.Release|Any CPU.Build.0 = Release|x86
		{CD0E6A94-053C-4F3E-8160-1E9B3CC56BF0}.Release|Any CPU.Deploy.0 = Release|x86
		{CD0E6A94-053C-4F3E-8160-1E9B3CC56BF0}.Release|ARM.ActiveCfg = Release|ARM
		{CD0E6A94-053C-4F3E-8160-1E9B3CC56BF0}.Release|ARM.Build.0 = Release|ARM
		{CD0E6A94-053C-4F3E-8160-1E9B3CC56BF0}.Release|ARM.Deploy.0 = Release|ARM
		{CD0E6A94-053C-4F3E-8160-1E9B3CC56BF0}.Release|iPhone.ActiveCfg = Release|x86
		{CD0E6A94-053C-4F3E-8160-1E9B3CC56BF0}.Release|iPhone.Build.0 = Release|x86
		{CD0E6A94-053C-4F3E-8160-1E9B3CC56BF0}.Release|iPhone.Deploy.0 = Release|x86
		{CD0E6A94-053C-4F3E-8160-1E9B3CC56BF0}.Release|iPhoneSimulator.ActiveCfg = Release|x86
		{CD0E6A94-053C-4F3E-8160-1E9B3CC56BF0}.Release|iPhoneSimulator.Build.0 = Release|x86
		{CD0E6A94-053C-4F3E-8160-1E9B3CC56BF0}.Release|iPhoneSimulator.Deploy.0 = Release|x86
		{CD0E6A94-053C-4F3E-8160-1E9B3CC56BF0}.Release|x64.ActiveCfg = Release|x64
		{CD0E6A94-053C-4F3E-8160-1E9B3CC56BF0}.Release|x64.Build.0 = Release|x64
		{CD0E6A94-053C-4F3E-8160-1E9B3CC56BF0}.Release|x64.Deploy.0 = Release|x64
		{CD0E6A94-053C-4F3E-8160-1E9B3CC56BF0}.Release|x86.ActiveCfg = Release|x86
		{CD0E6A94-053C-4F3E-8160-1E9B3CC56BF0}.Release|x86.Build.0 = Release|x86
		{CD0E6A94-053C-4F3E-8160-1E9B3CC56BF0}.Release|x86.Deploy.0 = Release|x86
		{68B022B9-C8C0-4000-8CA5-8BE9D1CBD0DF}.Ad-Hoc|Any CPU.ActiveCfg = Debug|Any CPU
		{68B022B9-C8C0-4000-8CA5-8BE9D1CBD0DF}.Ad-Hoc|Any CPU.Build.0 = Debug|Any CPU
		{68B022B9-C8C0-4000-8CA5-8BE9D1CBD0DF}.Ad-Hoc|Any CPU.Deploy.0 = Debug|Any CPU
		{68B022B9-C8C0-4000-8CA5-8BE9D1CBD0DF}.Ad-Hoc|ARM.ActiveCfg = Debug|Any CPU
		{68B022B9-C8C0-4000-8CA5-8BE9D1CBD0DF}.Ad-Hoc|ARM.Build.0 = Debug|Any CPU
		{68B022B9-C8C0-4000-8CA5-8BE9D1CBD0DF}.Ad-Hoc|ARM.Deploy.0 = Debug|Any CPU
		{68B022B9-C8C0-4000-8CA5-8BE9D1CBD0DF}.Ad-Hoc|iPhone.ActiveCfg = Debug|Any CPU
		{68B022B9-C8C0-4000-8CA5-8BE9D1CBD0DF}.Ad-Hoc|iPhone.Build.0 = Debug|Any CPU
		{68B022B9-C8C0-4000-8CA5-8BE9D1CBD0DF}.Ad-Hoc|iPhone.Deploy.0 = Debug|Any CPU
		{68B022B9-C8C0-4000-8CA5-8BE9D1CBD0DF}.Ad-Hoc|iPhoneSimulator.ActiveCfg = Debug|Any CPU
		{68B022B9-C8C0-4000-8CA5-8BE9D1CBD0DF}.Ad-Hoc|iPhoneSimulator.Build.0 = Debug|Any CPU
		{68B022B9-C8C0-4000-8CA5-8BE9D1CBD0DF}.Ad-Hoc|iPhoneSimulator.Deploy.0 = Debug|Any CPU
		{68B022B9-C8C0-4000-8CA5-8BE9D1CBD0DF}.Ad-Hoc|x64.ActiveCfg = Debug|Any CPU
		{68B022B9-C8C0-4000-8CA5-8BE9D1CBD0DF}.Ad-Hoc|x64.Build.0 = Debug|Any CPU
		{68B022B9-C8C0-4000-8CA5-8BE9D1CBD0DF}.Ad-Hoc|x64.Deploy.0 = Debug|Any CPU
		{68B022B9-C8C0-4000-8CA5-8BE9D1CBD0DF}.Ad-Hoc|x86.ActiveCfg = Debug|Any CPU
		{68B022B9-C8C0-4000-8CA5-8BE9D1CBD0DF}.Ad-Hoc|x86.Build.0 = Debug|Any CPU
		{68B022B9-C8C0-4000-8CA5-8BE9D1CBD0DF}.Ad-Hoc|x86.Deploy.0 = Debug|Any CPU
		{68B022B9-C8C0-4000-8CA5-8BE9D1CBD0DF}.AppStore|Any CPU.ActiveCfg = Debug|Any CPU
		{68B022B9-C8C0-4000-8CA5-8BE9D1CBD0DF}.AppStore|Any CPU.Build.0 = Debug|Any CPU
		{68B022B9-C8C0-4000-8CA5-8BE9D1CBD0DF}.AppStore|Any CPU.Deploy.0 = Debug|Any CPU
		{68B022B9-C8C0-4000-8CA5-8BE9D1CBD0DF}.AppStore|ARM.ActiveCfg = Debug|Any CPU
		{68B022B9-C8C0-4000-8CA5-8BE9D1CBD0DF}.AppStore|ARM.Build.0 = Debug|Any CPU
		{68B022B9-C8C0-4000-8CA5-8BE9D1CBD0DF}.AppStore|ARM.Deploy.0 = Debug|Any CPU
		{68B022B9-C8C0-4000-8CA5-8BE9D1CBD0DF}.AppStore|iPhone.ActiveCfg = Debug|Any CPU
		{68B022B9-C8C0-4000-8CA5-8BE9D1CBD0DF}.AppStore|iPhone.Build.0 = Debug|Any CPU
		{68B022B9-C8C0-4000-8CA5-8BE9D1CBD0DF}.AppStore|iPhone.Deploy.0 = Debug|Any CPU
		{68B022B9-C8C0-4000-8CA5-8BE9D1CBD0DF}.AppStore|iPhoneSimulator.ActiveCfg = Debug|Any CPU
		{68B022B9-C8C0-4000-8CA5-8BE9D1CBD0DF}.AppStore|iPhoneSimulator.Build.0 = Debug|Any CPU
		{68B022B9-C8C0-4000-8CA5-8BE9D1CBD0DF}.AppStore|iPhoneSimulator.Deploy.0 = Debug|Any CPU
		{68B022B9-C8C0-4000-8CA5-8BE9D1CBD0DF}.AppStore|x64.ActiveCfg = Debug|Any CPU
		{68B022B9-C8C0-4000-8CA5-8BE9D1CBD0DF}.AppStore|x64.Build.0 = Debug|Any CPU
		{68B022B9-C8C0-4000-8CA5-8BE9D1CBD0DF}.AppStore|x64.Deploy.0 = Debug|Any CPU
		{68B022B9-C8C0-4000-8CA5-8BE9D1CBD0DF}.AppStore|x86.ActiveCfg = Debug|Any CPU
		{68B022B9-C8C0-4000-8CA5-8BE9D1CBD0DF}.AppStore|x86.Build.0 = Debug|Any CPU
		{68B022B9-C8C0-4000-8CA5-8BE9D1CBD0DF}.AppStore|x86.Deploy.0 = Debug|Any CPU
		{68B022B9-C8C0-4000-8CA5-8BE9D1CBD0DF}.Debug|Any CPU.ActiveCfg = Debug|Any CPU
		{68B022B9-C8C0-4000-8CA5-8BE9D1CBD0DF}.Debug|Any CPU.Build.0 = Debug|Any CPU
		{68B022B9-C8C0-4000-8CA5-8BE9D1CBD0DF}.Debug|Any CPU.Deploy.0 = Debug|Any CPU
		{68B022B9-C8C0-4000-8CA5-8BE9D1CBD0DF}.Debug|ARM.ActiveCfg = Debug|Any CPU
		{68B022B9-C8C0-4000-8CA5-8BE9D1CBD0DF}.Debug|ARM.Build.0 = Debug|Any CPU
		{68B022B9-C8C0-4000-8CA5-8BE9D1CBD0DF}.Debug|ARM.Deploy.0 = Debug|Any CPU
		{68B022B9-C8C0-4000-8CA5-8BE9D1CBD0DF}.Debug|iPhone.ActiveCfg = Debug|Any CPU
		{68B022B9-C8C0-4000-8CA5-8BE9D1CBD0DF}.Debug|iPhone.Build.0 = Debug|Any CPU
		{68B022B9-C8C0-4000-8CA5-8BE9D1CBD0DF}.Debug|iPhone.Deploy.0 = Debug|Any CPU
		{68B022B9-C8C0-4000-8CA5-8BE9D1CBD0DF}.Debug|iPhoneSimulator.ActiveCfg = Debug|Any CPU
		{68B022B9-C8C0-4000-8CA5-8BE9D1CBD0DF}.Debug|iPhoneSimulator.Build.0 = Debug|Any CPU
		{68B022B9-C8C0-4000-8CA5-8BE9D1CBD0DF}.Debug|iPhoneSimulator.Deploy.0 = Debug|Any CPU
		{68B022B9-C8C0-4000-8CA5-8BE9D1CBD0DF}.Debug|x64.ActiveCfg = Debug|Any CPU
		{68B022B9-C8C0-4000-8CA5-8BE9D1CBD0DF}.Debug|x64.Build.0 = Debug|Any CPU
		{68B022B9-C8C0-4000-8CA5-8BE9D1CBD0DF}.Debug|x64.Deploy.0 = Debug|Any CPU
		{68B022B9-C8C0-4000-8CA5-8BE9D1CBD0DF}.Debug|x86.ActiveCfg = Debug|Any CPU
		{68B022B9-C8C0-4000-8CA5-8BE9D1CBD0DF}.Debug|x86.Build.0 = Debug|Any CPU
		{68B022B9-C8C0-4000-8CA5-8BE9D1CBD0DF}.Debug|x86.Deploy.0 = Debug|Any CPU
		{68B022B9-C8C0-4000-8CA5-8BE9D1CBD0DF}.Release|Any CPU.ActiveCfg = Release|Any CPU
		{68B022B9-C8C0-4000-8CA5-8BE9D1CBD0DF}.Release|Any CPU.Build.0 = Release|Any CPU
		{68B022B9-C8C0-4000-8CA5-8BE9D1CBD0DF}.Release|Any CPU.Deploy.0 = Release|Any CPU
		{68B022B9-C8C0-4000-8CA5-8BE9D1CBD0DF}.Release|ARM.ActiveCfg = Release|Any CPU
		{68B022B9-C8C0-4000-8CA5-8BE9D1CBD0DF}.Release|ARM.Build.0 = Release|Any CPU
		{68B022B9-C8C0-4000-8CA5-8BE9D1CBD0DF}.Release|ARM.Deploy.0 = Release|Any CPU
		{68B022B9-C8C0-4000-8CA5-8BE9D1CBD0DF}.Release|iPhone.ActiveCfg = Release|Any CPU
		{68B022B9-C8C0-4000-8CA5-8BE9D1CBD0DF}.Release|iPhone.Build.0 = Release|Any CPU
		{68B022B9-C8C0-4000-8CA5-8BE9D1CBD0DF}.Release|iPhone.Deploy.0 = Release|Any CPU
		{68B022B9-C8C0-4000-8CA5-8BE9D1CBD0DF}.Release|iPhoneSimulator.ActiveCfg = Release|Any CPU
		{68B022B9-C8C0-4000-8CA5-8BE9D1CBD0DF}.Release|iPhoneSimulator.Build.0 = Release|Any CPU
		{68B022B9-C8C0-4000-8CA5-8BE9D1CBD0DF}.Release|iPhoneSimulator.Deploy.0 = Release|Any CPU
		{68B022B9-C8C0-4000-8CA5-8BE9D1CBD0DF}.Release|x64.ActiveCfg = Release|Any CPU
		{68B022B9-C8C0-4000-8CA5-8BE9D1CBD0DF}.Release|x64.Build.0 = Release|Any CPU
		{68B022B9-C8C0-4000-8CA5-8BE9D1CBD0DF}.Release|x64.Deploy.0 = Release|Any CPU
		{68B022B9-C8C0-4000-8CA5-8BE9D1CBD0DF}.Release|x86.ActiveCfg = Release|Any CPU
		{68B022B9-C8C0-4000-8CA5-8BE9D1CBD0DF}.Release|x86.Build.0 = Release|Any CPU
		{68B022B9-C8C0-4000-8CA5-8BE9D1CBD0DF}.Release|x86.Deploy.0 = Release|Any CPU
	EndGlobalSection
	GlobalSection(SolutionProperties) = preSolution
		HideSolutionNode = FALSE
	EndGlobalSection
	GlobalSection(ExtensibilityGlobals) = postSolution
		SolutionGuid = {88878A63-3688-422F-9791-C65DC5660D12}
	EndGlobalSection
EndGlobal
